
Microsoft Visual Studio Solution File, Format Version 12.00
# Visual Studio Version 17
VisualStudioVersion = 17.7.34202.233
MinimumVisualStudioVersion = 10.0.40219.1
Project("{FAE04EC0-301F-11D3-BF4B-00C04F79EFBC}") = "UI", "UI\UI.csproj", "{C0A1F6CA-771F-4C5C-BF48-852208633E9F}"
EndProject
Project("{FAE04EC0-301F-11D3-BF4B-00C04F79EFBC}") = "DAL", "DAL\DAL.csproj", "{6540D119-BDB3-4EED-9186-1DCB78754D25}"
EndProject
Project("{FAE04EC0-301F-11D3-BF4B-00C04F79EFBC}") = "BLL", "BLL\BLL.csproj", "{6DCEECE1-F3A0-44F4-85F1-B2B5889A9ADE}"
EndProject
Project("{FAE04EC0-301F-11D3-BF4B-00C04F79EFBC}") = "DTO", "DTO\DTO.csproj", "{529F571D-8F45-41A3-85B3-C8F3997E3E1F}"
EndProject
Global
	GlobalSection(SolutionConfigurationPlatforms) = preSolution
		Debug|Any CPU = Debug|Any CPU
		Release|Any CPU = Release|Any CPU
	EndGlobalSection
	GlobalSection(ProjectConfigurationPlatforms) = postSolution
		{C0A1F6CA-771F-4C5C-BF48-852208633E9F}.Debug|Any CPU.ActiveCfg = Debug|Any CPU
		{C0A1F6CA-771F-4C5C-BF48-852208633E9F}.Debug|Any CPU.Build.0 = Debug|Any CPU
		{C0A1F6CA-771F-4C5C-BF48-852208633E9F}.Release|Any CPU.ActiveCfg = Release|Any CPU
		{C0A1F6CA-771F-4C5C-BF48-852208633E9F}.Release|Any CPU.Build.0 = Release|Any CPU
		{6540D119-BDB3-4EED-9186-1DCB78754D25}.Debug|Any CPU.ActiveCfg = Debug|Any CPU
		{6540D119-BDB3-4EED-9186-1DCB78754D25}.Debug|Any CPU.Build.0 = Debug|Any CPU
		{6540D119-BDB3-4EED-9186-1DCB78754D25}.Release|Any CPU.ActiveCfg = Release|Any CPU
		{6540D119-BDB3-4EED-9186-1DCB78754D25}.Release|Any CPU.Build.0 = Release|Any CPU
		{6DCEECE1-F3A0-44F4-85F1-B2B5889A9ADE}.Debug|Any CPU.ActiveCfg = Debug|Any CPU
		{6DCEECE1-F3A0-44F4-85F1-B2B5889A9ADE}.Debug|Any CPU.Build.0 = Debug|Any CPU
		{6DCEECE1-F3A0-44F4-85F1-B2B5889A9ADE}.Release|Any CPU.ActiveCfg = Release|Any CPU
		{6DCEECE1-F3A0-44F4-85F1-B2B5889A9ADE}.Release|Any CPU.Build.0 = Release|Any CPU
		{529F571D-8F45-41A3-85B3-C8F3997E3E1F}.Debug|Any CPU.ActiveCfg = Debug|Any CPU
		{529F571D-8F45-41A3-85B3-C8F3997E3E1F}.Debug|Any CPU.Build.0 = Debug|Any CPU
		{529F571D-8F45-41A3-85B3-C8F3997E3E1F}.Release|Any CPU.ActiveCfg = Release|Any CPU
		{529F571D-8F45-41A3-85B3-C8F3997E3E1F}.Release|Any CPU.Build.0 = Release|Any CPU
	EndGlobalSection
	GlobalSection(SolutionProperties) = preSolution
		HideSolutionNode = FALSE
	EndGlobalSection
	GlobalSection(ExtensibilityGlobals) = postSolution
		SolutionGuid = {48FF116A-38C9-48C5-9678-FF9DA3D1C363}
	EndGlobalSection
EndGlobal
